
Microsoft Visual Studio Solution File, Format Version 12.00
# Visual Studio 14
VisualStudioVersion = 14.0.25420.1
MinimumVisualStudioVersion = 10.0.40219.1
Project("{D954291E-2A0B-460D-934E-DC6B0785DB48}") = "TypeExtensionsError", "TypeExtensionsError\TypeExtensionsError\TypeExtensionsError.shproj", "{21B12967-B762-46D9-B706-D1BC29695212}"
EndProject
Project("{FAE04EC0-301F-11D3-BF4B-00C04F79EFBC}") = "TypeExtensionsError.iOS", "TypeExtensionsError\TypeExtensionsError.iOS\TypeExtensionsError.iOS.csproj", "{EE0733B2-241E-4B82-A36B-DA9AC3B21B0A}"
EndProject
Project("{FAE04EC0-301F-11D3-BF4B-00C04F79EFBC}") = "TypeExtensionsError.WinPhone", "TypeExtensionsError\TypeExtensionsError.WinPhone\TypeExtensionsError.WinPhone.csproj", "{9FA410CF-E003-48EC-99EA-22D9C5971F49}"
EndProject
Project("{FAE04EC0-301F-11D3-BF4B-00C04F79EFBC}") = "TypeExtensionsError.UWP", "TypeExtensionsError\TypeExtensionsError.UWP\TypeExtensionsError.UWP.csproj", "{459A8ADA-B7AE-44A9-AD32-2F691329A4E6}"
EndProject
Project("{FAE04EC0-301F-11D3-BF4B-00C04F79EFBC}") = "TypeExtensionsError.Windows", "TypeExtensionsError\TypeExtensionsError.Windows\TypeExtensionsError.Windows.csproj", "{027DD9B8-130A-4169-A6E1-7E3CC46B520E}"
EndProject
Project("{D954291E-2A0B-460D-934E-DC6B0785DB48}") = "Business", "Business\Business.shproj", "{D61AE4B8-BBDD-4030-9916-C331C46CADEE}"
EndProject
Project("{FAE04EC0-301F-11D3-BF4B-00C04F79EFBC}") = "Business-Xamarin", "Business-Xamarin\Business-Xamarin.csproj", "{67F9D3A8-F71E-4428-913F-C37AE82CDB24}"
EndProject
Global
	GlobalSection(SharedMSBuildProjectFiles) = preSolution
		TypeExtensionsError\TypeExtensionsError\TypeExtensionsError.projitems*{027dd9b8-130a-4169-a6e1-7e3cc46b520e}*SharedItemsImports = 4
		TypeExtensionsError\TypeExtensionsError\TypeExtensionsError.projitems*{21b12967-b762-46d9-b706-d1bc29695212}*SharedItemsImports = 13
		TypeExtensionsError\TypeExtensionsError\TypeExtensionsError.projitems*{459a8ada-b7ae-44a9-ad32-2f691329a4e6}*SharedItemsImports = 4
		Business\Business.projitems*{67f9d3a8-f71e-4428-913f-c37ae82cdb24}*SharedItemsImports = 4
		TypeExtensionsError\TypeExtensionsError\TypeExtensionsError.projitems*{9fa410cf-e003-48ec-99ea-22d9c5971f49}*SharedItemsImports = 4
		Business\Business.projitems*{d61ae4b8-bbdd-4030-9916-c331c46cadee}*SharedItemsImports = 13
		TypeExtensionsError\TypeExtensionsError\TypeExtensionsError.projitems*{ee0733b2-241e-4b82-a36b-da9ac3b21b0a}*SharedItemsImports = 4
	EndGlobalSection
	GlobalSection(SolutionConfigurationPlatforms) = preSolution
		Ad-Hoc|Any CPU = Ad-Hoc|Any CPU
		Ad-Hoc|ARM = Ad-Hoc|ARM
		Ad-Hoc|iPhone = Ad-Hoc|iPhone
		Ad-Hoc|iPhoneSimulator = Ad-Hoc|iPhoneSimulator
		Ad-Hoc|x64 = Ad-Hoc|x64
		Ad-Hoc|x86 = Ad-Hoc|x86
		AppStore|Any CPU = AppStore|Any CPU
		AppStore|ARM = AppStore|ARM
		AppStore|iPhone = AppStore|iPhone
		AppStore|iPhoneSimulator = AppStore|iPhoneSimulator
		AppStore|x64 = AppStore|x64
		AppStore|x86 = AppStore|x86
		Debug|Any CPU = Debug|Any CPU
		Debug|ARM = Debug|ARM
		Debug|iPhone = Debug|iPhone
		Debug|iPhoneSimulator = Debug|iPhoneSimulator
		Debug|x64 = Debug|x64
		Debug|x86 = Debug|x86
		Release|Any CPU = Release|Any CPU
		Release|ARM = Release|ARM
		Release|iPhone = Release|iPhone
		Release|iPhoneSimulator = Release|iPhoneSimulator
		Release|x64 = Release|x64
		Release|x86 = Release|x86
	EndGlobalSection
	GlobalSection(ProjectConfigurationPlatforms) = postSolution
		{EE0733B2-241E-4B82-A36B-DA9AC3B21B0A}.Ad-Hoc|Any CPU.ActiveCfg = Ad-Hoc|iPhone
		{EE0733B2-241E-4B82-A36B-DA9AC3B21B0A}.Ad-Hoc|ARM.ActiveCfg = Ad-Hoc|iPhone
		{EE0733B2-241E-4B82-A36B-DA9AC3B21B0A}.Ad-Hoc|iPhone.ActiveCfg = Ad-Hoc|iPhone
		{EE0733B2-241E-4B82-A36B-DA9AC3B21B0A}.Ad-Hoc|iPhone.Build.0 = Ad-Hoc|iPhone
		{EE0733B2-241E-4B82-A36B-DA9AC3B21B0A}.Ad-Hoc|iPhoneSimulator.ActiveCfg = Ad-Hoc|iPhoneSimulator
		{EE0733B2-241E-4B82-A36B-DA9AC3B21B0A}.Ad-Hoc|iPhoneSimulator.Build.0 = Ad-Hoc|iPhoneSimulator
		{EE0733B2-241E-4B82-A36B-DA9AC3B21B0A}.Ad-Hoc|x64.ActiveCfg = Ad-Hoc|iPhone
		{EE0733B2-241E-4B82-A36B-DA9AC3B21B0A}.Ad-Hoc|x86.ActiveCfg = Ad-Hoc|iPhone
		{EE0733B2-241E-4B82-A36B-DA9AC3B21B0A}.AppStore|Any CPU.ActiveCfg = AppStore|iPhone
		{EE0733B2-241E-4B82-A36B-DA9AC3B21B0A}.AppStore|ARM.ActiveCfg = AppStore|iPhone
		{EE0733B2-241E-4B82-A36B-DA9AC3B21B0A}.AppStore|iPhone.ActiveCfg = AppStore|iPhone
		{EE0733B2-241E-4B82-A36B-DA9AC3B21B0A}.AppStore|iPhone.Build.0 = AppStore|iPhone
		{EE0733B2-241E-4B82-A36B-DA9AC3B21B0A}.AppStore|iPhoneSimulator.ActiveCfg = AppStore|iPhoneSimulator
		{EE0733B2-241E-4B82-A36B-DA9AC3B21B0A}.AppStore|iPhoneSimulator.Build.0 = AppStore|iPhoneSimulator
		{EE0733B2-241E-4B82-A36B-DA9AC3B21B0A}.AppStore|x64.ActiveCfg = AppStore|iPhone
		{EE0733B2-241E-4B82-A36B-DA9AC3B21B0A}.AppStore|x86.ActiveCfg = AppStore|iPhone
		{EE0733B2-241E-4B82-A36B-DA9AC3B21B0A}.Debug|Any CPU.ActiveCfg = Debug|iPhone
		{EE0733B2-241E-4B82-A36B-DA9AC3B21B0A}.Debug|ARM.ActiveCfg = Debug|iPhone
		{EE0733B2-241E-4B82-A36B-DA9AC3B21B0A}.Debug|iPhone.ActiveCfg = Debug|iPhone
		{EE0733B2-241E-4B82-A36B-DA9AC3B21B0A}.Debug|iPhone.Build.0 = Debug|iPhone
		{EE0733B2-241E-4B82-A36B-DA9AC3B21B0A}.Debug|iPhoneSimulator.ActiveCfg = Debug|iPhoneSimulator
		{EE0733B2-241E-4B82-A36B-DA9AC3B21B0A}.Debug|iPhoneSimulator.Build.0 = Debug|iPhoneSimulator
		{EE0733B2-241E-4B82-A36B-DA9AC3B21B0A}.Debug|x64.ActiveCfg = Debug|iPhone
		{EE0733B2-241E-4B82-A36B-DA9AC3B21B0A}.Debug|x86.ActiveCfg = Debug|iPhone
		{EE0733B2-241E-4B82-A36B-DA9AC3B21B0A}.Release|Any CPU.ActiveCfg = Release|iPhone
		{EE0733B2-241E-4B82-A36B-DA9AC3B21B0A}.Release|ARM.ActiveCfg = Release|iPhone
		{EE0733B2-241E-4B82-A36B-DA9AC3B21B0A}.Release|iPhone.ActiveCfg = Release|iPhone
		{EE0733B2-241E-4B82-A36B-DA9AC3B21B0A}.Release|iPhone.Build.0 = Release|iPhone
		{EE0733B2-241E-4B82-A36B-DA9AC3B21B0A}.Release|iPhoneSimulator.ActiveCfg = Release|iPhoneSimulator
		{EE0733B2-241E-4B82-A36B-DA9AC3B21B0A}.Release|iPhoneSimulator.Build.0 = Release|iPhoneSimulator
		{EE0733B2-241E-4B82-A36B-DA9AC3B21B0A}.Release|x64.ActiveCfg = Release|iPhone
		{EE0733B2-241E-4B82-A36B-DA9AC3B21B0A}.Release|x86.ActiveCfg = Release|iPhone
		{9FA410CF-E003-48EC-99EA-22D9C5971F49}.Ad-Hoc|Any CPU.ActiveCfg = Release|Any CPU
		{9FA410CF-E003-48EC-99EA-22D9C5971F49}.Ad-Hoc|Any CPU.Build.0 = Release|Any CPU
		{9FA410CF-E003-48EC-99EA-22D9C5971F49}.Ad-Hoc|Any CPU.Deploy.0 = Release|Any CPU
		{9FA410CF-E003-48EC-99EA-22D9C5971F49}.Ad-Hoc|ARM.ActiveCfg = Release|ARM
		{9FA410CF-E003-48EC-99EA-22D9C5971F49}.Ad-Hoc|ARM.Build.0 = Release|ARM
		{9FA410CF-E003-48EC-99EA-22D9C5971F49}.Ad-Hoc|ARM.Deploy.0 = Release|ARM
		{9FA410CF-E003-48EC-99EA-22D9C5971F49}.Ad-Hoc|iPhone.ActiveCfg = Release|Any CPU
		{9FA410CF-E003-48EC-99EA-22D9C5971F49}.Ad-Hoc|iPhone.Build.0 = Release|Any CPU
		{9FA410CF-E003-48EC-99EA-22D9C5971F49}.Ad-Hoc|iPhone.Deploy.0 = Release|Any CPU
		{9FA410CF-E003-48EC-99EA-22D9C5971F49}.Ad-Hoc|iPhoneSimulator.ActiveCfg = Release|Any CPU
		{9FA410CF-E003-48EC-99EA-22D9C5971F49}.Ad-Hoc|iPhoneSimulator.Build.0 = Release|Any CPU
		{9FA410CF-E003-48EC-99EA-22D9C5971F49}.Ad-Hoc|iPhoneSimulator.Deploy.0 = Release|Any CPU
		{9FA410CF-E003-48EC-99EA-22D9C5971F49}.Ad-Hoc|x64.ActiveCfg = Release|Any CPU
		{9FA410CF-E003-48EC-99EA-22D9C5971F49}.Ad-Hoc|x64.Build.0 = Release|Any CPU
		{9FA410CF-E003-48EC-99EA-22D9C5971F49}.Ad-Hoc|x64.Deploy.0 = Release|Any CPU
		{9FA410CF-E003-48EC-99EA-22D9C5971F49}.Ad-Hoc|x86.ActiveCfg = Release|x86
		{9FA410CF-E003-48EC-99EA-22D9C5971F49}.Ad-Hoc|x86.Build.0 = Release|x86
		{9FA410CF-E003-48EC-99EA-22D9C5971F49}.Ad-Hoc|x86.Deploy.0 = Release|x86
		{9FA410CF-E003-48EC-99EA-22D9C5971F49}.AppStore|Any CPU.ActiveCfg = Release|Any CPU
		{9FA410CF-E003-48EC-99EA-22D9C5971F49}.AppStore|Any CPU.Build.0 = Release|Any CPU
		{9FA410CF-E003-48EC-99EA-22D9C5971F49}.AppStore|Any CPU.Deploy.0 = Release|Any CPU
		{9FA410CF-E003-48EC-99EA-22D9C5971F49}.AppStore|ARM.ActiveCfg = Release|ARM
		{9FA410CF-E003-48EC-99EA-22D9C5971F49}.AppStore|ARM.Build.0 = Release|ARM
		{9FA410CF-E003-48EC-99EA-22D9C5971F49}.AppStore|ARM.Deploy.0 = Release|ARM
		{9FA410CF-E003-48EC-99EA-22D9C5971F49}.AppStore|iPhone.ActiveCfg = Release|Any CPU
		{9FA410CF-E003-48EC-99EA-22D9C5971F49}.AppStore|iPhone.Build.0 = Release|Any CPU
		{9FA410CF-E003-48EC-99EA-22D9C5971F49}.AppStore|iPhone.Deploy.0 = Release|Any CPU
		{9FA410CF-E003-48EC-99EA-22D9C5971F49}.AppStore|iPhoneSimulator.ActiveCfg = Release|Any CPU
		{9FA410CF-E003-48EC-99EA-22D9C5971F49}.AppStore|iPhoneSimulator.Build.0 = Release|Any CPU
		{9FA410CF-E003-48EC-99EA-22D9C5971F49}.AppStore|iPhoneSimulator.Deploy.0 = Release|Any CPU
		{9FA410CF-E003-48EC-99EA-22D9C5971F49}.AppStore|x64.ActiveCfg = Release|Any CPU
		{9FA410CF-E003-48EC-99EA-22D9C5971F49}.AppStore|x64.Build.0 = Release|Any CPU
		{9FA410CF-E003-48EC-99EA-22D9C5971F49}.AppStore|x64.Deploy.0 = Release|Any CPU
		{9FA410CF-E003-48EC-99EA-22D9C5971F49}.AppStore|x86.ActiveCfg = Release|x86
		{9FA410CF-E003-48EC-99EA-22D9C5971F49}.AppStore|x86.Build.0 = Release|x86
		{9FA410CF-E003-48EC-99EA-22D9C5971F49}.AppStore|x86.Deploy.0 = Release|x86
		{9FA410CF-E003-48EC-99EA-22D9C5971F49}.Debug|Any CPU.ActiveCfg = Debug|Any CPU
		{9FA410CF-E003-48EC-99EA-22D9C5971F49}.Debug|Any CPU.Build.0 = Debug|Any CPU
		{9FA410CF-E003-48EC-99EA-22D9C5971F49}.Debug|Any CPU.Deploy.0 = Debug|Any CPU
		{9FA410CF-E003-48EC-99EA-22D9C5971F49}.Debug|ARM.ActiveCfg = Debug|ARM
		{9FA410CF-E003-48EC-99EA-22D9C5971F49}.Debug|ARM.Build.0 = Debug|ARM
		{9FA410CF-E003-48EC-99EA-22D9C5971F49}.Debug|ARM.Deploy.0 = Debug|ARM
		{9FA410CF-E003-48EC-99EA-22D9C5971F49}.Debug|iPhone.ActiveCfg = Debug|Any CPU
		{9FA410CF-E003-48EC-99EA-22D9C5971F49}.Debug|iPhone.Build.0 = Debug|Any CPU
		{9FA410CF-E003-48EC-99EA-22D9C5971F49}.Debug|iPhone.Deploy.0 = Debug|Any CPU
		{9FA410CF-E003-48EC-99EA-22D9C5971F49}.Debug|iPhoneSimulator.ActiveCfg = Debug|Any CPU
		{9FA410CF-E003-48EC-99EA-22D9C5971F49}.Debug|iPhoneSimulator.Build.0 = Debug|Any CPU
		{9FA410CF-E003-48EC-99EA-22D9C5971F49}.Debug|iPhoneSimulator.Deploy.0 = Debug|Any CPU
		{9FA410CF-E003-48EC-99EA-22D9C5971F49}.Debug|x64.ActiveCfg = Debug|Any CPU
		{9FA410CF-E003-48EC-99EA-22D9C5971F49}.Debug|x64.Build.0 = Debug|Any CPU
		{9FA410CF-E003-48EC-99EA-22D9C5971F49}.Debug|x64.Deploy.0 = Debug|Any CPU
		{9FA410CF-E003-48EC-99EA-22D9C5971F49}.Debug|x86.ActiveCfg = Debug|x86
		{9FA410CF-E003-48EC-99EA-22D9C5971F49}.Debug|x86.Build.0 = Debug|x86
		{9FA410CF-E003-48EC-99EA-22D9C5971F49}.Debug|x86.Deploy.0 = Debug|x86
		{9FA410CF-E003-48EC-99EA-22D9C5971F49}.Release|Any CPU.ActiveCfg = Release|Any CPU
		{9FA410CF-E003-48EC-99EA-22D9C5971F49}.Release|Any CPU.Build.0 = Release|Any CPU
		{9FA410CF-E003-48EC-99EA-22D9C5971F49}.Release|Any CPU.Deploy.0 = Release|Any CPU
		{9FA410CF-E003-48EC-99EA-22D9C5971F49}.Release|ARM.ActiveCfg = Release|ARM
		{9FA410CF-E003-48EC-99EA-22D9C5971F49}.Release|ARM.Build.0 = Release|ARM
		{9FA410CF-E003-48EC-99EA-22D9C5971F49}.Release|ARM.Deploy.0 = Release|ARM
		{9FA410CF-E003-48EC-99EA-22D9C5971F49}.Release|iPhone.ActiveCfg = Release|Any CPU
		{9FA410CF-E003-48EC-99EA-22D9C5971F49}.Release|iPhone.Build.0 = Release|Any CPU
		{9FA410CF-E003-48EC-99EA-22D9C5971F49}.Release|iPhone.Deploy.0 = Release|Any CPU
		{9FA410CF-E003-48EC-99EA-22D9C5971F49}.Release|iPhoneSimulator.ActiveCfg = Release|Any CPU
		{9FA410CF-E003-48EC-99EA-22D9C5971F49}.Release|iPhoneSimulator.Build.0 = Release|Any CPU
		{9FA410CF-E003-48EC-99EA-22D9C5971F49}.Release|iPhoneSimulator.Deploy.0 = Release|Any CPU
		{9FA410CF-E003-48EC-99EA-22D9C5971F49}.Release|x64.ActiveCfg = Release|Any CPU
		{9FA410CF-E003-48EC-99EA-22D9C5971F49}.Release|x64.Build.0 = Release|Any CPU
		{9FA410CF-E003-48EC-99EA-22D9C5971F49}.Release|x64.Deploy.0 = Release|Any CPU
		{9FA410CF-E003-48EC-99EA-22D9C5971F49}.Release|x86.ActiveCfg = Release|x86
		{9FA410CF-E003-48EC-99EA-22D9C5971F49}.Release|x86.Build.0 = Release|x86
		{9FA410CF-E003-48EC-99EA-22D9C5971F49}.Release|x86.Deploy.0 = Release|x86
		{459A8ADA-B7AE-44A9-AD32-2F691329A4E6}.Ad-Hoc|Any CPU.ActiveCfg = Release|x86
		{459A8ADA-B7AE-44A9-AD32-2F691329A4E6}.Ad-Hoc|Any CPU.Build.0 = Release|x86
		{459A8ADA-B7AE-44A9-AD32-2F691329A4E6}.Ad-Hoc|Any CPU.Deploy.0 = Release|x86
		{459A8ADA-B7AE-44A9-AD32-2F691329A4E6}.Ad-Hoc|ARM.ActiveCfg = Release|ARM
		{459A8ADA-B7AE-44A9-AD32-2F691329A4E6}.Ad-Hoc|ARM.Build.0 = Release|ARM
		{459A8ADA-B7AE-44A9-AD32-2F691329A4E6}.Ad-Hoc|ARM.Deploy.0 = Release|ARM
		{459A8ADA-B7AE-44A9-AD32-2F691329A4E6}.Ad-Hoc|iPhone.ActiveCfg = Release|x86
		{459A8ADA-B7AE-44A9-AD32-2F691329A4E6}.Ad-Hoc|iPhone.Build.0 = Release|x86
		{459A8ADA-B7AE-44A9-AD32-2F691329A4E6}.Ad-Hoc|iPhone.Deploy.0 = Release|x86
		{459A8ADA-B7AE-44A9-AD32-2F691329A4E6}.Ad-Hoc|iPhoneSimulator.ActiveCfg = Release|x86
		{459A8ADA-B7AE-44A9-AD32-2F691329A4E6}.Ad-Hoc|iPhoneSimulator.Build.0 = Release|x86
		{459A8ADA-B7AE-44A9-AD32-2F691329A4E6}.Ad-Hoc|iPhoneSimulator.Deploy.0 = Release|x86
		{459A8ADA-B7AE-44A9-AD32-2F691329A4E6}.Ad-Hoc|x64.ActiveCfg = Release|x64
		{459A8ADA-B7AE-44A9-AD32-2F691329A4E6}.Ad-Hoc|x64.Build.0 = Release|x64
		{459A8ADA-B7AE-44A9-AD32-2F691329A4E6}.Ad-Hoc|x64.Deploy.0 = Release|x64
		{459A8ADA-B7AE-44A9-AD32-2F691329A4E6}.Ad-Hoc|x86.ActiveCfg = Release|x86
		{459A8ADA-B7AE-44A9-AD32-2F691329A4E6}.Ad-Hoc|x86.Build.0 = Release|x86
		{459A8ADA-B7AE-44A9-AD32-2F691329A4E6}.Ad-Hoc|x86.Deploy.0 = Release|x86
		{459A8ADA-B7AE-44A9-AD32-2F691329A4E6}.AppStore|Any CPU.ActiveCfg = Release|x86
		{459A8ADA-B7AE-44A9-AD32-2F691329A4E6}.AppStore|Any CPU.Build.0 = Release|x86
		{459A8ADA-B7AE-44A9-AD32-2F691329A4E6}.AppStore|Any CPU.Deploy.0 = Release|x86
		{459A8ADA-B7AE-44A9-AD32-2F691329A4E6}.AppStore|ARM.ActiveCfg = Release|ARM
		{459A8ADA-B7AE-44A9-AD32-2F691329A4E6}.AppStore|ARM.Build.0 = Release|ARM
		{459A8ADA-B7AE-44A9-AD32-2F691329A4E6}.AppStore|ARM.Deploy.0 = Release|ARM
		{459A8ADA-B7AE-44A9-AD32-2F691329A4E6}.AppStore|iPhone.ActiveCfg = Release|x86
		{459A8ADA-B7AE-44A9-AD32-2F691329A4E6}.AppStore|iPhone.Build.0 = Release|x86
		{459A8ADA-B7AE-44A9-AD32-2F691329A4E6}.AppStore|iPhone.Deploy.0 = Release|x86
		{459A8ADA-B7AE-44A9-AD32-2F691329A4E6}.AppStore|iPhoneSimulator.ActiveCfg = Release|x86
		{459A8ADA-B7AE-44A9-AD32-2F691329A4E6}.AppStore|iPhoneSimulator.Build.0 = Release|x86
		{459A8ADA-B7AE-44A9-AD32-2F691329A4E6}.AppStore|iPhoneSimulator.Deploy.0 = Release|x86
		{459A8ADA-B7AE-44A9-AD32-2F691329A4E6}.AppStore|x64.ActiveCfg = Release|x64
		{459A8ADA-B7AE-44A9-AD32-2F691329A4E6}.AppStore|x64.Build.0 = Release|x64
		{459A8ADA-B7AE-44A9-AD32-2F691329A4E6}.AppStore|x64.Deploy.0 = Release|x64
		{459A8ADA-B7AE-44A9-AD32-2F691329A4E6}.AppStore|x86.ActiveCfg = Release|x86
		{459A8ADA-B7AE-44A9-AD32-2F691329A4E6}.AppStore|x86.Build.0 = Release|x86
		{459A8ADA-B7AE-44A9-AD32-2F691329A4E6}.AppStore|x86.Deploy.0 = Release|x86
		{459A8ADA-B7AE-44A9-AD32-2F691329A4E6}.Debug|Any CPU.ActiveCfg = Debug|x86
		{459A8ADA-B7AE-44A9-AD32-2F691329A4E6}.Debug|ARM.ActiveCfg = Debug|ARM
		{459A8ADA-B7AE-44A9-AD32-2F691329A4E6}.Debug|ARM.Build.0 = Debug|ARM
		{459A8ADA-B7AE-44A9-AD32-2F691329A4E6}.Debug|ARM.Deploy.0 = Debug|ARM
		{459A8ADA-B7AE-44A9-AD32-2F691329A4E6}.Debug|iPhone.ActiveCfg = Debug|x86
		{459A8ADA-B7AE-44A9-AD32-2F691329A4E6}.Debug|iPhoneSimulator.ActiveCfg = Debug|x86
		{459A8ADA-B7AE-44A9-AD32-2F691329A4E6}.Debug|x64.ActiveCfg = Debug|x64
		{459A8ADA-B7AE-44A9-AD32-2F691329A4E6}.Debug|x64.Build.0 = Debug|x64
		{459A8ADA-B7AE-44A9-AD32-2F691329A4E6}.Debug|x64.Deploy.0 = Debug|x64
		{459A8ADA-B7AE-44A9-AD32-2F691329A4E6}.Debug|x86.ActiveCfg = Debug|x86
		{459A8ADA-B7AE-44A9-AD32-2F691329A4E6}.Debug|x86.Build.0 = Debug|x86
		{459A8ADA-B7AE-44A9-AD32-2F691329A4E6}.Debug|x86.Deploy.0 = Debug|x86
		{459A8ADA-B7AE-44A9-AD32-2F691329A4E6}.Release|Any CPU.ActiveCfg = Release|x86
		{459A8ADA-B7AE-44A9-AD32-2F691329A4E6}.Release|ARM.ActiveCfg = Release|ARM
		{459A8ADA-B7AE-44A9-AD32-2F691329A4E6}.Release|ARM.Build.0 = Release|ARM
		{459A8ADA-B7AE-44A9-AD32-2F691329A4E6}.Release|ARM.Deploy.0 = Release|ARM
		{459A8ADA-B7AE-44A9-AD32-2F691329A4E6}.Release|iPhone.ActiveCfg = Release|x86
		{459A8ADA-B7AE-44A9-AD32-2F691329A4E6}.Release|iPhoneSimulator.ActiveCfg = Release|x86
		{459A8ADA-B7AE-44A9-AD32-2F691329A4E6}.Release|x64.ActiveCfg = Release|x64
		{459A8ADA-B7AE-44A9-AD32-2F691329A4E6}.Release|x64.Build.0 = Release|x64
		{459A8ADA-B7AE-44A9-AD32-2F691329A4E6}.Release|x64.Deploy.0 = Release|x64
		{459A8ADA-B7AE-44A9-AD32-2F691329A4E6}.Release|x86.ActiveCfg = Release|x86
		{459A8ADA-B7AE-44A9-AD32-2F691329A4E6}.Release|x86.Build.0 = Release|x86
		{459A8ADA-B7AE-44A9-AD32-2F691329A4E6}.Release|x86.Deploy.0 = Release|x86
		{027DD9B8-130A-4169-A6E1-7E3CC46B520E}.Ad-Hoc|Any CPU.ActiveCfg = Release|Any CPU
		{027DD9B8-130A-4169-A6E1-7E3CC46B520E}.Ad-Hoc|Any CPU.Build.0 = Release|Any CPU
		{027DD9B8-130A-4169-A6E1-7E3CC46B520E}.Ad-Hoc|Any CPU.Deploy.0 = Release|Any CPU
		{027DD9B8-130A-4169-A6E1-7E3CC46B520E}.Ad-Hoc|ARM.ActiveCfg = Release|ARM
		{027DD9B8-130A-4169-A6E1-7E3CC46B520E}.Ad-Hoc|ARM.Build.0 = Release|ARM
		{027DD9B8-130A-4169-A6E1-7E3CC46B520E}.Ad-Hoc|ARM.Deploy.0 = Release|ARM
		{027DD9B8-130A-4169-A6E1-7E3CC46B520E}.Ad-Hoc|iPhone.ActiveCfg = Release|Any CPU
		{027DD9B8-130A-4169-A6E1-7E3CC46B520E}.Ad-Hoc|iPhone.Build.0 = Release|Any CPU
		{027DD9B8-130A-4169-A6E1-7E3CC46B520E}.Ad-Hoc|iPhone.Deploy.0 = Release|Any CPU
		{027DD9B8-130A-4169-A6E1-7E3CC46B520E}.Ad-Hoc|iPhoneSimulator.ActiveCfg = Release|Any CPU
		{027DD9B8-130A-4169-A6E1-7E3CC46B520E}.Ad-Hoc|iPhoneSimulator.Build.0 = Release|Any CPU
		{027DD9B8-130A-4169-A6E1-7E3CC46B520E}.Ad-Hoc|iPhoneSimulator.Deploy.0 = Release|Any CPU
		{027DD9B8-130A-4169-A6E1-7E3CC46B520E}.Ad-Hoc|x64.ActiveCfg = Release|x64
		{027DD9B8-130A-4169-A6E1-7E3CC46B520E}.Ad-Hoc|x64.Build.0 = Release|x64
		{027DD9B8-130A-4169-A6E1-7E3CC46B520E}.Ad-Hoc|x64.Deploy.0 = Release|x64
		{027DD9B8-130A-4169-A6E1-7E3CC46B520E}.Ad-Hoc|x86.ActiveCfg = Release|x86
		{027DD9B8-130A-4169-A6E1-7E3CC46B520E}.Ad-Hoc|x86.Build.0 = Release|x86
		{027DD9B8-130A-4169-A6E1-7E3CC46B520E}.Ad-Hoc|x86.Deploy.0 = Release|x86
		{027DD9B8-130A-4169-A6E1-7E3CC46B520E}.AppStore|Any CPU.ActiveCfg = Release|Any CPU
		{027DD9B8-130A-4169-A6E1-7E3CC46B520E}.AppStore|Any CPU.Build.0 = Release|Any CPU
		{027DD9B8-130A-4169-A6E1-7E3CC46B520E}.AppStore|Any CPU.Deploy.0 = Release|Any CPU
		{027DD9B8-130A-4169-A6E1-7E3CC46B520E}.AppStore|ARM.ActiveCfg = Release|ARM
		{027DD9B8-130A-4169-A6E1-7E3CC46B520E}.AppStore|ARM.Build.0 = Release|ARM
		{027DD9B8-130A-4169-A6E1-7E3CC46B520E}.AppStore|ARM.Deploy.0 = Release|ARM
		{027DD9B8-130A-4169-A6E1-7E3CC46B520E}.AppStore|iPhone.ActiveCfg = Release|Any CPU
		{027DD9B8-130A-4169-A6E1-7E3CC46B520E}.AppStore|iPhone.Build.0 = Release|Any CPU
		{027DD9B8-130A-4169-A6E1-7E3CC46B520E}.AppStore|iPhone.Deploy.0 = Release|Any CPU
		{027DD9B8-130A-4169-A6E1-7E3CC46B520E}.AppStore|iPhoneSimulator.ActiveCfg = Release|Any CPU
		{027DD9B8-130A-4169-A6E1-7E3CC46B520E}.AppStore|iPhoneSimulator.Build.0 = Release|Any CPU
		{027DD9B8-130A-4169-A6E1-7E3CC46B520E}.AppStore|iPhoneSimulator.Deploy.0 = Release|Any CPU
		{027DD9B8-130A-4169-A6E1-7E3CC46B520E}.AppStore|x64.ActiveCfg = Release|x64
		{027DD9B8-130A-4169-A6E1-7E3CC46B520E}.AppStore|x64.Build.0 = Release|x64
		{027DD9B8-130A-4169-A6E1-7E3CC46B520E}.AppStore|x64.Deploy.0 = Release|x64
		{027DD9B8-130A-4169-A6E1-7E3CC46B520E}.AppStore|x86.ActiveCfg = Release|x86
		{027DD9B8-130A-4169-A6E1-7E3CC46B520E}.AppStore|x86.Build.0 = Release|x86
		{027DD9B8-130A-4169-A6E1-7E3CC46B520E}.AppStore|x86.Deploy.0 = Release|x86
		{027DD9B8-130A-4169-A6E1-7E3CC46B520E}.Debug|Any CPU.ActiveCfg = Debug|Any CPU
		{027DD9B8-130A-4169-A6E1-7E3CC46B520E}.Debug|Any CPU.Build.0 = Debug|Any CPU
		{027DD9B8-130A-4169-A6E1-7E3CC46B520E}.Debug|Any CPU.Deploy.0 = Debug|Any CPU
		{027DD9B8-130A-4169-A6E1-7E3CC46B520E}.Debug|ARM.ActiveCfg = Debug|ARM
		{027DD9B8-130A-4169-A6E1-7E3CC46B520E}.Debug|ARM.Build.0 = Debug|ARM
		{027DD9B8-130A-4169-A6E1-7E3CC46B520E}.Debug|ARM.Deploy.0 = Debug|ARM
		{027DD9B8-130A-4169-A6E1-7E3CC46B520E}.Debug|iPhone.ActiveCfg = Debug|Any CPU
		{027DD9B8-130A-4169-A6E1-7E3CC46B520E}.Debug|iPhone.Build.0 = Debug|Any CPU
		{027DD9B8-130A-4169-A6E1-7E3CC46B520E}.Debug|iPhone.Deploy.0 = Debug|Any CPU
		{027DD9B8-130A-4169-A6E1-7E3CC46B520E}.Debug|iPhoneSimulator.ActiveCfg = Debug|Any CPU
		{027DD9B8-130A-4169-A6E1-7E3CC46B520E}.Debug|iPhoneSimulator.Build.0 = Debug|Any CPU
		{027DD9B8-130A-4169-A6E1-7E3CC46B520E}.Debug|iPhoneSimulator.Deploy.0 = Debug|Any CPU
		{027DD9B8-130A-4169-A6E1-7E3CC46B520E}.Debug|x64.ActiveCfg = Debug|x64
		{027DD9B8-130A-4169-A6E1-7E3CC46B520E}.Debug|x64.Build.0 = Debug|x64
		{027DD9B8-130A-4169-A6E1-7E3CC46B520E}.Debug|x64.Deploy.0 = Debug|x64
		{027DD9B8-130A-4169-A6E1-7E3CC46B520E}.Debug|x86.ActiveCfg = Debug|x86
		{027DD9B8-130A-4169-A6E1-7E3CC46B520E}.Debug|x86.Build.0 = Debug|x86
		{027DD9B8-130A-4169-A6E1-7E3CC46B520E}.Debug|x86.Deploy.0 = Debug|x86
		{027DD9B8-130A-4169-A6E1-7E3CC46B520E}.Release|Any CPU.ActiveCfg = Release|Any CPU
		{027DD9B8-130A-4169-A6E1-7E3CC46B520E}.Release|Any CPU.Build.0 = Release|Any CPU
		{027DD9B8-130A-4169-A6E1-7E3CC46B520E}.Release|Any CPU.Deploy.0 = Release|Any CPU
		{027DD9B8-130A-4169-A6E1-7E3CC46B520E}.Release|ARM.ActiveCfg = Release|ARM
		{027DD9B8-130A-4169-A6E1-7E3CC46B520E}.Release|ARM.Build.0 = Release|ARM
		{027DD9B8-130A-4169-A6E1-7E3CC46B520E}.Release|ARM.Deploy.0 = Release|ARM
		{027DD9B8-130A-4169-A6E1-7E3CC46B520E}.Release|iPhone.ActiveCfg = Release|Any CPU
		{027DD9B8-130A-4169-A6E1-7E3CC46B520E}.Release|iPhone.Build.0 = Release|Any CPU
		{027DD9B8-130A-4169-A6E1-7E3CC46B520E}.Release|iPhone.Deploy.0 = Release|Any CPU
		{027DD9B8-130A-4169-A6E1-7E3CC46B520E}.Release|iPhoneSimulator.ActiveCfg = Release|Any CPU
		{027DD9B8-130A-4169-A6E1-7E3CC46B520E}.Release|iPhoneSimulator.Build.0 = Release|Any CPU
		{027DD9B8-130A-4169-A6E1-7E3CC46B520E}.Release|iPhoneSimulator.Deploy.0 = Release|Any CPU
		{027DD9B8-130A-4169-A6E1-7E3CC46B520E}.Release|x64.ActiveCfg = Release|x64
		{027DD9B8-130A-4169-A6E1-7E3CC46B520E}.Release|x64.Build.0 = Release|x64
		{027DD9B8-130A-4169-A6E1-7E3CC46B520E}.Release|x64.Deploy.0 = Release|x64
		{027DD9B8-130A-4169-A6E1-7E3CC46B520E}.Release|x86.ActiveCfg = Release|x86
		{027DD9B8-130A-4169-A6E1-7E3CC46B520E}.Release|x86.Build.0 = Release|x86
		{027DD9B8-130A-4169-A6E1-7E3CC46B520E}.Release|x86.Deploy.0 = Release|x86
		{67F9D3A8-F71E-4428-913F-C37AE82CDB24}.Ad-Hoc|Any CPU.ActiveCfg = Release|Any CPU
		{67F9D3A8-F71E-4428-913F-C37AE82CDB24}.Ad-Hoc|Any CPU.Build.0 = Release|Any CPU
		{67F9D3A8-F71E-4428-913F-C37AE82CDB24}.Ad-Hoc|ARM.ActiveCfg = Release|Any CPU
		{67F9D3A8-F71E-4428-913F-C37AE82CDB24}.Ad-Hoc|ARM.Build.0 = Release|Any CPU
		{67F9D3A8-F71E-4428-913F-C37AE82CDB24}.Ad-Hoc|iPhone.ActiveCfg = Release|Any CPU
		{67F9D3A8-F71E-4428-913F-C37AE82CDB24}.Ad-Hoc|iPhone.Build.0 = Release|Any CPU
		{67F9D3A8-F71E-4428-913F-C37AE82CDB24}.Ad-Hoc|iPhoneSimulator.ActiveCfg = Release|Any CPU
		{67F9D3A8-F71E-4428-913F-C37AE82CDB24}.Ad-Hoc|iPhoneSimulator.Build.0 = Release|Any CPU
		{67F9D3A8-F71E-4428-913F-C37AE82CDB24}.Ad-Hoc|x64.ActiveCfg = Release|Any CPU
		{67F9D3A8-F71E-4428-913F-C37AE82CDB24}.Ad-Hoc|x64.Build.0 = Release|Any CPU
		{67F9D3A8-F71E-4428-913F-C37AE82CDB24}.Ad-Hoc|x86.ActiveCfg = Release|Any CPU
		{67F9D3A8-F71E-4428-913F-C37AE82CDB24}.Ad-Hoc|x86.Build.0 = Release|Any CPU
		{67F9D3A8-F71E-4428-913F-C37AE82CDB24}.AppStore|Any CPU.ActiveCfg = Release|Any CPU
		{67F9D3A8-F71E-4428-913F-C37AE82CDB24}.AppStore|Any CPU.Build.0 = Release|Any CPU
		{67F9D3A8-F71E-4428-913F-C37AE82CDB24}.AppStore|ARM.ActiveCfg = Release|Any CPU
		{67F9D3A8-F71E-4428-913F-C37AE82CDB24}.AppStore|ARM.Build.0 = Release|Any CPU
		{67F9D3A8-F71E-4428-913F-C37AE82CDB24}.AppStore|iPhone.ActiveCfg = Release|Any CPU
		{67F9D3A8-F71E-4428-913F-C37AE82CDB24}.AppStore|iPhone.Build.0 = Release|Any CPU
		{67F9D3A8-F71E-4428-913F-C37AE82CDB24}.AppStore|iPhoneSimulator.ActiveCfg = Release|Any CPU
		{67F9D3A8-F71E-4428-913F-C37AE82CDB24}.AppStore|iPhoneSimulator.Build.0 = Release|Any CPU
		{67F9D3A8-F71E-4428-913F-C37AE82CDB24}.AppStore|x64.ActiveCfg = Release|Any CPU
		{67F9D3A8-F71E-4428-913F-C37AE82CDB24}.AppStore|x64.Build.0 = Release|Any CPU
		{67F9D3A8-F71E-4428-913F-C37AE82CDB24}.AppStore|x86.ActiveCfg = Release|Any CPU
		{67F9D3A8-F71E-4428-913F-C37AE82CDB24}.AppStore|x86.Build.0 = Release|Any CPU
		{67F9D3A8-F71E-4428-913F-C37AE82CDB24}.Debug|Any CPU.ActiveCfg = Debug|Any CPU
		{67F9D3A8-F71E-4428-913F-C37AE82CDB24}.Debug|Any CPU.Build.0 = Debug|Any CPU
		{67F9D3A8-F71E-4428-913F-C37AE82CDB24}.Debug|ARM.ActiveCfg = Debug|Any CPU
		{67F9D3A8-F71E-4428-913F-C37AE82CDB24}.Debug|ARM.Build.0 = Debug|Any CPU
		{67F9D3A8-F71E-4428-913F-C37AE82CDB24}.Debug|iPhone.ActiveCfg = Debug|Any CPU
		{67F9D3A8-F71E-4428-913F-C37AE82CDB24}.Debug|iPhone.Build.0 = Debug|Any CPU
		{67F9D3A8-F71E-4428-913F-C37AE82CDB24}.Debug|iPhoneSimulator.ActiveCfg = Debug|Any CPU
		{67F9D3A8-F71E-4428-913F-C37AE82CDB24}.Debug|iPhoneSimulator.Build.0 = Debug|Any CPU
		{67F9D3A8-F71E-4428-913F-C37AE82CDB24}.Debug|x64.ActiveCfg = Debug|Any CPU
		{67F9D3A8-F71E-4428-913F-C37AE82CDB24}.Debug|x64.Build.0 = Debug|Any CPU
		{67F9D3A8-F71E-4428-913F-C37AE82CDB24}.Debug|x86.ActiveCfg = Debug|Any CPU
		{67F9D3A8-F71E-4428-913F-C37AE82CDB24}.Debug|x86.Build.0 = Debug|Any CPU
		{67F9D3A8-F71E-4428-913F-C37AE82CDB24}.Release|Any CPU.ActiveCfg = Release|Any CPU
		{67F9D3A8-F71E-4428-913F-C37AE82CDB24}.Release|Any CPU.Build.0 = Release|Any CPU
		{67F9D3A8-F71E-4428-913F-C37AE82CDB24}.Release|ARM.ActiveCfg = Release|Any CPU
		{67F9D3A8-F71E-4428-913F-C37AE82CDB24}.Release|ARM.Build.0 = Release|Any CPU
		{67F9D3A8-F71E-4428-913F-C37AE82CDB24}.Release|iPhone.ActiveCfg = Release|Any CPU
		{67F9D3A8-F71E-4428-913F-C37AE82CDB24}.Release|iPhone.Build.0 = Release|Any CPU
		{67F9D3A8-F71E-4428-913F-C37AE82CDB24}.Release|iPhoneSimulator.ActiveCfg = Release|Any CPU
		{67F9D3A8-F71E-4428-913F-C37AE82CDB24}.Release|iPhoneSimulator.Build.0 = Release|Any CPU
		{67F9D3A8-F71E-4428-913F-C37AE82CDB24}.Release|x64.ActiveCfg = Release|Any CPU
		{67F9D3A8-F71E-4428-913F-C37AE82CDB24}.Release|x64.Build.0 = Release|Any CPU
		{67F9D3A8-F71E-4428-913F-C37AE82CDB24}.Release|x86.ActiveCfg = Release|Any CPU
		{67F9D3A8-F71E-4428-913F-C37AE82CDB24}.Release|x86.Build.0 = Release|Any CPU
	EndGlobalSection
	GlobalSection(SolutionProperties) = preSolution
		HideSolutionNode = FALSE
	EndGlobalSection
EndGlobal
